{
  "name": "js-2",
  "version": "1.0.0",
  "lockfileVersion": 3,
  "requires": true,
  "packages": {
    "": {
      "name": "js-2",
      "version": "1.0.0",
      "devDependencies": {
        "xv": "^1.1.1"
      }
    },
    "node_modules/xv": {
      "version": "1.1.1",
      "resolved": "https://registry.npmjs.org/xv/-/xv-1.1.1.tgz",
      "integrity": "sha512-sNjJ2exlLDcyzZS0fgPDREjt6WXzpXDb9KW9GAdg3rRDN2+9M4FhiummDEf2JWtzcpLzEaNa1ZZXl1Kvrenc1Q==",
      "dev": true,
      "license": "MIT",
      "bin": {
        "xv": "lib/bin.js"
      },
      "engines": {
        "node": "^12.20.0 || ^14.13.1 || >=16.0.0"
      },
      "funding": {
        "url": "https://github.com/sponsors/typicode"
      }
    }
  }
}
